
Microsoft Visual Studio Solution File, Format Version 12.00
# Visual Studio Version 17
VisualStudioVersion = 17.11.35312.102
MinimumVisualStudioVersion = 10.0.40219.1
Project("{FAE04EC0-301F-11D3-BF4B-00C04F79EFBC}") = "Biomachine.DAL", "Biomachine.DAL\Biomachine.DAL.csproj", "{9A371694-58D6-4B64-97AF-A0675B69F78C}"
EndProject
Project("{FAE04EC0-301F-11D3-BF4B-00C04F79EFBC}") = "Biomachine.Domain", "Biomachine.Domain\Biomachine.Domain.csproj", "{CFC8C91F-514B-4DB0-B995-7F19407F99A0}"
EndProject
Project("{FAE04EC0-301F-11D3-BF4B-00C04F79EFBC}") = "Biomachine.Services", "Biomachine.Services\Biomachine.Services.csproj", "{3FF9423F-756E-4FD8-90E6-C4B24E93F123}"
EndProject
Global
	GlobalSection(SolutionConfigurationPlatforms) = preSolution
		Debug|Any CPU = Debug|Any CPU
		Release|Any CPU = Release|Any CPU
	EndGlobalSection
	GlobalSection(ProjectConfigurationPlatforms) = postSolution
		{9A371694-58D6-4B64-97AF-A0675B69F78C}.Debug|Any CPU.ActiveCfg = Debug|Any CPU
		{9A371694-58D6-4B64-97AF-A0675B69F78C}.Debug|Any CPU.Build.0 = Debug|Any CPU
		{9A371694-58D6-4B64-97AF-A0675B69F78C}.Release|Any CPU.ActiveCfg = Release|Any CPU
		{9A371694-58D6-4B64-97AF-A0675B69F78C}.Release|Any CPU.Build.0 = Release|Any CPU
		{CFC8C91F-514B-4DB0-B995-7F19407F99A0}.Debug|Any CPU.ActiveCfg = Debug|Any CPU
		{CFC8C91F-514B-4DB0-B995-7F19407F99A0}.Debug|Any CPU.Build.0 = Debug|Any CPU
		{CFC8C91F-514B-4DB0-B995-7F19407F99A0}.Release|Any CPU.ActiveCfg = Release|Any CPU
		{CFC8C91F-514B-4DB0-B995-7F19407F99A0}.Release|Any CPU.Build.0 = Release|Any CPU
		{3FF9423F-756E-4FD8-90E6-C4B24E93F123}.Debug|Any CPU.ActiveCfg = Debug|Any CPU
		{3FF9423F-756E-4FD8-90E6-C4B24E93F123}.Debug|Any CPU.Build.0 = Debug|Any CPU
		{3FF9423F-756E-4FD8-90E6-C4B24E93F123}.Release|Any CPU.ActiveCfg = Release|Any CPU
		{3FF9423F-756E-4FD8-90E6-C4B24E93F123}.Release|Any CPU.Build.0 = Release|Any CPU
	EndGlobalSection
	GlobalSection(SolutionProperties) = preSolution
		HideSolutionNode = FALSE
	EndGlobalSection
	GlobalSection(ExtensibilityGlobals) = postSolution
		SolutionGuid = {39F82665-D8D8-4F27-B57E-9259D2826A14}
	EndGlobalSection
EndGlobal
